
Microsoft Visual Studio Solution File, Format Version 12.00
# Visual Studio Version 17
VisualStudioVersion = 17.10.35122.118
MinimumVisualStudioVersion = 10.0.40219.1
Project("{FAE04EC0-301F-11D3-BF4B-00C04F79EFBC}") = "PipesAB", "PipesAB\PipesAB.csproj", "{D37FD6D4-84DB-4682-9528-E06590F48834}"
EndProject
Global
	GlobalSection(SolutionConfigurationPlatforms) = preSolution
		Debug|Any CPU = Debug|Any CPU
		Release|Any CPU = Release|Any CPU
	EndGlobalSection
	GlobalSection(ProjectConfigurationPlatforms) = postSolution
		{D37FD6D4-84DB-4682-9528-E06590F48834}.Debug|Any CPU.ActiveCfg = Debug|Any CPU
		{D37FD6D4-84DB-4682-9528-E06590F48834}.Debug|Any CPU.Build.0 = Debug|Any CPU
		{D37FD6D4-84DB-4682-9528-E06590F48834}.Release|Any CPU.ActiveCfg = Release|Any CPU
		{D37FD6D4-84DB-4682-9528-E06590F48834}.Release|Any CPU.Build.0 = Release|Any CPU
	EndGlobalSection
	GlobalSection(SolutionProperties) = preSolution
		HideSolutionNode = FALSE
	EndGlobalSection
	GlobalSection(ExtensibilityGlobals) = postSolution
		SolutionGuid = {03A3F2C3-DBDA-429F-85BB-3B01913156B7}
	EndGlobalSection
EndGlobal
